
Microsoft Visual Studio Solution File, Format Version 12.00
# Visual Studio Version 16
VisualStudioVersion = 16.0.32106.194
MinimumVisualStudioVersion = 10.0.40219.1
Project("{FAE04EC0-301F-11D3-BF4B-00C04F79EFBC}") = "BTL_WEB", "BTL_WEB.csproj", "{F2CC7298-0B34-4EAA-AB24-FD9B2C6BF23F}"
EndProject
Global
	GlobalSection(SolutionConfigurationPlatforms) = preSolution
		Debug|Any CPU = Debug|Any CPU
		Release|Any CPU = Release|Any CPU
	EndGlobalSection
	GlobalSection(ProjectConfigurationPlatforms) = postSolution
		{F2CC7298-0B34-4EAA-AB24-FD9B2C6BF23F}.Debug|Any CPU.ActiveCfg = Debug|Any CPU
		{F2CC7298-0B34-4EAA-AB24-FD9B2C6BF23F}.Debug|Any CPU.Build.0 = Debug|Any CPU
		{F2CC7298-0B34-4EAA-AB24-FD9B2C6BF23F}.Release|Any CPU.ActiveCfg = Release|Any CPU
		{F2CC7298-0B34-4EAA-AB24-FD9B2C6BF23F}.Release|Any CPU.Build.0 = Release|Any CPU
	EndGlobalSection
	GlobalSection(SolutionProperties) = preSolution
		HideSolutionNode = FALSE
	EndGlobalSection
	GlobalSection(ExtensibilityGlobals) = postSolution
		SolutionGuid = {838426B3-212C-4FE2-870D-11E4B78057B3}
	EndGlobalSection
EndGlobal
